{
  "pins" : [
    {
      "identity" : "fhirmodels",
      "kind" : "remoteSourceControl",
      "location" : "https://github.com/apple/FHIRModels.git",
      "state" : {
        "revision" : "e115442fb3c5d44ffb1dc9b4e039b77fd143ad96",
        "version" : "0.4.0"
      }
    },
    {
      "identity" : "researchkit",
      "kind" : "remoteSourceControl",
      "location" : "https://github.com/CardinalKit/ResearchKit.git",
      "state" : {
        "revision" : "bd253ae577a2ffb77d3d6b2931b0ad8cddfc1724",
        "version" : "2.1.1"
      }
    }
  ],
  "version" : 2
}
